{
  "name": "river-checker",
  "version": "1.0.0",
  "lockfileVersion": 1,
  "requires": true,
  "dependencies": {
    "@babel/code-frame": {
      "version": "7.0.0-beta.44",
      "resolved": "https://registry.npmjs.org/@babel/code-frame/-/code-frame-7.0.0-beta.44.tgz",
      "integrity": "sha512-cuAuTTIQ9RqcFRJ/Y8PvTh+paepNcaGxwQwjIDRWPXmzzyAeCO4KqS9ikMvq0MCbRk6GlYKwfzStrcP3/jSL8g==",
      "dev": true,
      "requires": {
        "@babel/highlight": "7.0.0-beta.44"
      }
    },
    "@babel/generator": {
      "version": "7.0.0-beta.44",
      "resolved": "https://registry.npmjs.org/@babel/generator/-/generator-7.0.0-beta.44.tgz",
      "integrity": "sha512-5xVb7hlhjGcdkKpMXgicAVgx8syK5VJz193k0i/0sLP6DzE6lRrU1K3B/rFefgdo9LPGMAOOOAWW4jycj07ShQ==",
      "dev": true,
      "requires": {
        "@babel/types": "7.0.0-beta.44",
        "jsesc": "^2.5.1",
        "lodash": "^4.2.0",
        "source-map": "^0.5.0",
        "trim-right": "^1.0.1"
      },
      "dependencies": {
        "jsesc": {
          "version": "2.5.1",
          "resolved": "https://registry.npmjs.org/jsesc/-/jsesc-2.5.1.tgz",
          "integrity": "sha1-5CGiqOINawgZ3yiQj3glJrlt0f4=",
          "dev": true
        },
        "source-map": {
          "version": "0.5.7",
          "resolved": "https://registry.npmjs.org/source-map/-/source-map-0.5.7.tgz",
          "integrity": "sha1-igOdLRAh0i0eoUyA2OpGi6LvP8w=",
          "dev": true
        }
      }
    },
    "@babel/helper-function-name": {
      "version": "7.0.0-beta.44",
      "resolved": "https://registry.npmjs.org/@babel/helper-function-name/-/helper-function-name-7.0.0-beta.44.tgz",
      "integrity": "sha512-MHRG2qZMKMFaBavX0LWpfZ2e+hLloT++N7rfM3DYOMUOGCD8cVjqZpwiL8a0bOX3IYcQev1ruciT0gdFFRTxzg==",
      "dev": true,
      "requires": {
        "@babel/helper-get-function-arity": "7.0.0-beta.44",
        "@babel/template": "7.0.0-beta.44",
        "@babel/types": "7.0.0-beta.44"
      }
    },
    "@babel/helper-get-function-arity": {
      "version": "7.0.0-beta.44",
      "resolved": "https://registry.npmjs.org/@babel/helper-get-function-arity/-/helper-get-function-arity-7.0.0-beta.44.tgz",
      "integrity": "sha512-w0YjWVwrM2HwP6/H3sEgrSQdkCaxppqFeJtAnB23pRiJB5E/O9Yp7JAAeWBl+gGEgmBFinnTyOv2RN7rcSmMiw==",
      "dev": true,
      "requires": {
        "@babel/types": "7.0.0-beta.44"
      }
    },
    "@babel/helper-split-export-declaration": {
      "version": "7.0.0-beta.44",
      "resolved": "https://registry.npmjs.org/@babel/helper-split-export-declaration/-/helper-split-export-declaration-7.0.0-beta.44.tgz",
      "integrity": "sha512-aQ7QowtkgKKzPGf0j6u77kBMdUFVBKNHw2p/3HX/POt5/oz8ec5cs0GwlgM8Hz7ui5EwJnzyfRmkNF1Nx1N7aA==",
      "dev": true,
      "requires": {
        "@babel/types": "7.0.0-beta.44"
      }
    },
    "@babel/highlight": {
      "version": "7.0.0-beta.44",
      "resolved": "https://registry.npmjs.org/@babel/highlight/-/highlight-7.0.0-beta.44.tgz",
      "integrity": "sha512-Il19yJvy7vMFm8AVAh6OZzaFoAd0hbkeMZiX3P5HGD+z7dyI7RzndHB0dg6Urh/VAFfHtpOIzDUSxmY6coyZWQ==",
      "dev": true,
      "requires": {
        "chalk": "^2.0.0",
        "esutils": "^2.0.2",
        "js-tokens": "^3.0.0"
      }
    },
    "@babel/template": {
      "version": "7.0.0-beta.44",
      "resolved": "https://registry.npmjs.org/@babel/template/-/template-7.0.0-beta.44.tgz",
      "integrity": "sha512-w750Sloq0UNifLx1rUqwfbnC6uSUk0mfwwgGRfdLiaUzfAOiH0tHJE6ILQIUi3KYkjiCDTskoIsnfqZvWLBDng==",
      "dev": true,
      "requires": {
        "@babel/code-frame": "7.0.0-beta.44",
        "@babel/types": "7.0.0-beta.44",
        "babylon": "7.0.0-beta.44",
        "lodash": "^4.2.0"
      },
      "dependencies": {
        "babylon": {
          "version": "7.0.0-beta.44",
          "resolved": "https://registry.npmjs.org/babylon/-/babylon-7.0.0-beta.44.tgz",
          "integrity": "sha512-5Hlm13BJVAioCHpImtFqNOF2H3ieTOHd0fmFGMxOJ9jgeFqeAwsv3u5P5cR7CSeFrkgHsT19DgFJkHV0/Mcd8g==",
          "dev": true
        }
      }
    },
    "@babel/traverse": {
      "version": "7.0.0-beta.44",
      "resolved": "https://registry.npmjs.org/@babel/traverse/-/traverse-7.0.0-beta.44.tgz",
      "integrity": "sha512-UHuDz8ukQkJCDASKHf+oDt3FVUzFd+QYfuBIsiNu/4+/ix6pP/C+uQZJ6K1oEfbCMv/IKWbgDEh7fcsnIE5AtA==",
      "dev": true,
      "requires": {
        "@babel/code-frame": "7.0.0-beta.44",
        "@babel/generator": "7.0.0-beta.44",
        "@babel/helper-function-name": "7.0.0-beta.44",
        "@babel/helper-split-export-declaration": "7.0.0-beta.44",
        "@babel/types": "7.0.0-beta.44",
        "babylon": "7.0.0-beta.44",
        "debug": "^3.1.0",
        "globals": "^11.1.0",
        "invariant": "^2.2.0",
        "lodash": "^4.2.0"
      },
      "dependencies": {
        "babylon": {
          "version": "7.0.0-beta.44",
          "resolved": "https://registry.npmjs.org/babylon/-/babylon-7.0.0-beta.44.tgz",
          "integrity": "sha512-5Hlm13BJVAioCHpImtFqNOF2H3ieTOHd0fmFGMxOJ9jgeFqeAwsv3u5P5cR7CSeFrkgHsT19DgFJkHV0/Mcd8g==",
          "dev": true
        },
        "debug": {
          "version": "3.1.0",
          "resolved": "https://registry.npmjs.org/debug/-/debug-3.1.0.tgz",
          "integrity": "sha512-OX8XqP7/1a9cqkxYw2yXss15f26NKWBpDXQd0/uK/KPqdQhxbPa994hnzjcE2VqQpDslf55723cKPUOGSmMY3g==",
          "dev": true,
          "requires": {
            "ms": "2.0.0"
          }
        },
        "globals": {
          "version": "11.4.0",
          "resolved": "https://registry.npmjs.org/globals/-/globals-11.4.0.tgz",
          "integrity": "sha512-Dyzmifil8n/TmSqYDEXbm+C8yitzJQqQIlJQLNRMwa+BOUJpRC19pyVeN12JAjt61xonvXjtff+hJruTRXn5HA==",
          "dev": true
        }
      }
    },
    "@babel/types": {
      "version": "7.0.0-beta.44",
      "resolved": "https://registry.npmjs.org/@babel/types/-/types-7.0.0-beta.44.tgz",
      "integrity": "sha512-5eTV4WRmqbaFM3v9gHAIljEQJU4Ssc6fxL61JN+Oe2ga/BwyjzjamwkCVVAQjHGuAX8i0BWo42dshL8eO5KfLQ==",
      "dev": true,
      "requires": {
        "esutils": "^2.0.2",
        "lodash": "^4.2.0",
        "to-fast-properties": "^2.0.0"
      },
      "dependencies": {
        "to-fast-properties": {
          "version": "2.0.0",
          "resolved": "https://registry.npmjs.org/to-fast-properties/-/to-fast-properties-2.0.0.tgz",
          "integrity": "sha1-3F5pjL0HkmW8c+A3doGk5Og/YW4=",
          "dev": true
        }
      }
    },
    "@nuxt/opencollective": {
      "version": "0.3.2",
      "resolved": "https://registry.npmjs.org/@nuxt/opencollective/-/opencollective-0.3.2.tgz",
      "integrity": "sha512-XG7rUdXG9fcafu9KTDIYjJSkRO38EwjlKYIb5TQ/0WDbiTUTtUtgncMscKOYzfsY86kGs05pAuMOR+3Fi0aN3A==",
      "requires": {
        "chalk": "^4.1.0",
        "consola": "^2.15.0",
        "node-fetch": "^2.6.1"
      },
      "dependencies": {
        "ansi-styles": {
          "version": "4.3.0",
          "resolved": "https://registry.npmjs.org/ansi-styles/-/ansi-styles-4.3.0.tgz",
          "integrity": "sha512-zbB9rCJAT1rbjiVDb2hqKFHNYLxgtk8NURxZ3IZwD3F6NtxbXZQCnnSi1Lkx+IDohdPlFp222wVALIheZJQSEg==",
          "requires": {
            "color-convert": "^2.0.1"
          }
        },
        "chalk": {
          "version": "4.1.0",
          "resolved": "https://registry.npmjs.org/chalk/-/chalk-4.1.0.tgz",
          "integrity": "sha512-qwx12AxXe2Q5xQ43Ac//I6v5aXTipYrSESdOgzrN+9XjgEpyjpKuvSGaN4qE93f7TQTlerQQ8S+EQ0EyDoVL1A==",
          "requires": {
            "ansi-styles": "^4.1.0",
            "supports-color": "^7.1.0"
          }
        },
        "color-convert": {
          "version": "2.0.1",
          "resolved": "https://registry.npmjs.org/color-convert/-/color-convert-2.0.1.tgz",
          "integrity": "sha512-RRECPsj7iu/xb5oKYcsFHSppFNnsj/52OVTRKb4zP5onXwVF3zVmmToNcOfGC+CRDpfK/U584fMg38ZHCaElKQ==",
          "requires": {
            "color-name": "~1.1.4"
          }
        },
        "color-name": {
          "version": "1.1.4",
          "resolved": "https://registry.npmjs.org/color-name/-/color-name-1.1.4.tgz",
          "integrity": "sha512-dOy+3AuW3a2wNbZHIuMZpTcgjGuLU/uBL/ubcZF9OXbDo8ff4O8yVp5Bf0efS8uEoYo5q4Fx7dY9OgQGXgAsQA=="
        },
        "has-flag": {
          "version": "4.0.0",
          "resolved": "https://registry.npmjs.org/has-flag/-/has-flag-4.0.0.tgz",
          "integrity": "sha512-EykJT/Q1KjTWctppgIAgfSO0tKVuZUjhgMr17kqTumMl6Afv3EISleU7qZUzoXDFTAHTDC4NOoG/ZxU3EvlMPQ=="
        },
        "supports-color": {
          "version": "7.2.0",
          "resolved": "https://registry.npmjs.org/supports-color/-/supports-color-7.2.0.tgz",
          "integrity": "sha512-qpCAvRl9stuOHveKsn7HncJRvv501qIacKzQlO/+Lwxc9+0q2wLyv4Dfvt80/DPn2pqOBsJdDiogXGR9+OvwRw==",
          "requires": {
            "has-flag": "^4.0.0"
          }
        }
      }
    },
    "@types/strip-bom": {
      "version": "3.0.0",
      "resolved": "https://registry.npmjs.org/@types/strip-bom/-/strip-bom-3.0.0.tgz",
      "integrity": "sha1-FKjsOVbC6B7bdSB5CuzyHCkK69I=",
      "dev": true
    },
    "@types/strip-json-comments": {
      "version": "0.0.30",
      "resolved": "https://registry.npmjs.org/@types/strip-json-comments/-/strip-json-comments-0.0.30.tgz",
      "integrity": "sha512-7NQmHra/JILCd1QqpSzl8+mJRc8ZHz3uDm8YV1Ks9IhK0epEiTw8aIErbvH9PI+6XbqhyIQy3462nEsn7UVzjQ==",
      "dev": true
    },
    "abab": {
      "version": "1.0.4",
      "resolved": "https://registry.npmjs.org/abab/-/abab-1.0.4.tgz",
      "integrity": "sha1-X6rZwsB/YN12dw9xzwJbYqY8/U4=",
      "dev": true
    },
    "abbrev": {
      "version": "1.1.1",
      "resolved": "https://registry.npmjs.org/abbrev/-/abbrev-1.1.1.tgz",
      "integrity": "sha512-nne9/IiQ/hzIhY6pdDnbBtz7DjPTKrY00P/zvPSm5pOFkl6xuGrGnXn/VtTNNfNtAfZ9/1RtehkszU9qcTii0Q==",
      "dev": true
    },
    "accepts": {
      "version": "1.3.5",
      "resolved": "https://registry.npmjs.org/accepts/-/accepts-1.3.5.tgz",
      "integrity": "sha1-63d99gEXI6OxTopywIBcjoZ0a9I=",
      "dev": true,
      "requires": {
        "mime-types": "~2.1.18",
        "negotiator": "0.6.1"
      }
    },
    "acorn": {
      "version": "5.5.3",
      "resolved": "https://registry.npmjs.org/acorn/-/acorn-5.5.3.tgz",
      "integrity": "sha512-jd5MkIUlbbmb07nXH0DT3y7rDVtkzDi4XZOUVWAer8ajmF/DTSSbl5oNFyDOl/OXA33Bl79+ypHhl2pN20VeOQ==",
      "dev": true
    },
    "acorn-dynamic-import": {
      "version": "2.0.2",
      "resolved": "https://registry.npmjs.org/acorn-dynamic-import/-/acorn-dynamic-import-2.0.2.tgz",
      "integrity": "sha1-x1K9IQvvZ5UBtsbLf8hPj0cVjMQ=",
      "dev": true,
      "requires": {
        "acorn": "^4.0.3"
      },
      "dependencies": {
        "acorn": {
          "version": "4.0.13",
          "resolved": "https://registry.npmjs.org/acorn/-/acorn-4.0.13.tgz",
          "integrity": "sha1-EFSVrlNh1pe9GVyCUZLhrX8lN4c=",
          "dev": true
        }
      }
    },
    "acorn-globals": {
      "version": "4.1.0",
      "resolved": "https://registry.npmjs.org/acorn-globals/-/acorn-globals-4.1.0.tgz",
      "integrity": "sha512-KjZwU26uG3u6eZcfGbTULzFcsoz6pegNKtHPksZPOUsiKo5bUmiBPa38FuHZ/Eun+XYh/JCCkS9AS3Lu4McQOQ==",
      "dev": true,
      "requires": {
        "acorn": "^5.0.0"
      }
    },
    "acorn-jsx": {
      "version": "3.0.1",
      "resolved": "https://registry.npmjs.org/acorn-jsx/-/acorn-jsx-3.0.1.tgz",
      "integrity": "sha1-r9+UiPsezvyDSPb7IvRk4ypYs2s=",
      "dev": true,
      "requires": {
        "acorn": "^3.0.4"
      },
      "dependencies": {
        "acorn": {
          "version": "3.3.0",
          "resolved": "https://registry.npmjs.org/acorn/-/acorn-3.3.0.tgz",
          "integrity": "sha1-ReN/s56No/JbruP/U2niu18iAXo=",
          "dev": true
        }
      }
    },
    "ajv": {
      "version": "5.5.2",
      "resolved": "https://registry.npmjs.org/ajv/-/ajv-5.5.2.tgz",
      "integrity": "sha1-c7Xuyj+rZT49P5Qis0GtQiBdyWU=",
      "dev": true,
      "requires": {
        "co": "^4.6.0",
        "fast-deep-equal": "^1.0.0",
        "fast-json-stable-stringify": "^2.0.0",
        "json-schema-traverse": "^0.3.0"
      }
    },
    "ajv-keywords": {
      "version": "2.1.1",
      "resolved": "https://registry.npmjs.org/ajv-keywords/-/ajv-keywords-2.1.1.tgz",
      "integrity": "sha1-YXmX/F9gV2iUxDX5QNgZ4TW4B2I=",
      "dev": true
    },
    "align-text": {
      "version": "0.1.4",
      "resolved": "https://registry.npmjs.org/align-text/-/align-text-0.1.4.tgz",
      "integrity": "sha1-DNkKVhCT810KmSVsIrcGlDP60Rc=",
      "dev": true,
      "requires": {
        "kind-of": "^3.0.2",
        "longest": "^1.0.1",
        "repeat-string": "^1.5.2"
      },
      "dependencies": {
        "kind-of": {
          "version": "3.2.2",
          "resolved": "https://registry.npmjs.org/kind-of/-/kind-of-3.2.2.tgz",
          "integrity": "sha1-MeohpzS6ubuw8yRm2JOupR5KPGQ=",
          "dev": true,
          "requires": {
            "is-buffer": "^1.1.5"
          }
        }
      }
    },
    "alphanum-sort": {
      "version": "1.0.2",
      "resolved": "https://registry.npmjs.org/alphanum-sort/-/alphanum-sort-1.0.2.tgz",
      "integrity": "sha1-l6ERlkmyEa0zaR2fn0hqjsn74KM=",
      "dev": true
    },
    "amdefine": {
      "version": "1.0.1",
      "resolved": "https://registry.npmjs.org/amdefine/-/amdefine-1.0.1.tgz",
      "integrity": "sha1-SlKCrBZHKek2Gbz9OtFR+BfOkfU=",
      "dev": true
    },
    "ansi-escapes": {
      "version": "3.1.0",
      "resolved": "https://registry.npmjs.org/ansi-escapes/-/ansi-escapes-3.1.0.tgz",
      "integrity": "sha512-UgAb8H9D41AQnu/PbWlCofQVcnV4Gs2bBJi9eZPxfU/hgglFh3SMDMENRIqdr7H6XFnXdoknctFByVsCOotTVw==",
      "dev": true
    },
    "ansi-html": {
      "version": "0.0.7",
      "resolved": "https://registry.npmjs.org/ansi-html/-/ansi-html-0.0.7.tgz",
      "integrity": "sha1-gTWEAhliqenm/QOflA0S9WynhZ4=",
      "dev": true
    },
    "ansi-regex": {
      "version": "2.1.1",
      "resolved": "https://registry.npmjs.org/ansi-regex/-/ansi-regex-2.1.1.tgz",
      "integrity": "sha1-w7M6te42DYbg5ijwRorn7yfWVN8=",
      "dev": true
    },
    "ansi-styles": {
      "version": "3.2.1",
      "resolved": "https://registry.npmjs.org/ansi-styles/-/ansi-styles-3.2.1.tgz",
      "integrity": "sha512-VT0ZI6kZRdTh8YyJw3SMbYm/u+NqfsAxEpWO0Pf9sq8/e94WxxOpPKx9FR1FlyCtOVDNOQ+8ntlqFxiRc+r5qA==",
      "dev": true,
      "requires": {
        "color-convert": "^1.9.0"
      }
    },
    "anymatch": {
      "version": "2.0.0",
      "resolved": "https://registry.npmjs.org/anymatch/-/anymatch-2.0.0.tgz",
      "integrity": "sha512-5teOsQWABXHHBFP9y3skS5P3d/WfWXpv3FUpy+LorMrNYaT9pI4oLMQX7jzQ2KklNpGpWHzdCXTDT2Y3XGlZBw==",
      "dev": true,
      "requires": {
        "micromatch": "^3.1.4",
        "normalize-path": "^2.1.1"
      }
    },
    "append-transform": {
      "version": "0.4.0",
      "resolved": "https://registry.npmjs.org/append-transform/-/append-transform-0.4.0.tgz",
      "integrity": "sha1-126/jKlNJ24keja61EpLdKthGZE=",
      "dev": true,
      "requires": {
        "default-require-extensions": "^1.0.0"
      }
    },
    "aproba": {
      "version": "1.2.0",
      "resolved": "https://registry.npmjs.org/aproba/-/aproba-1.2.0.tgz",
      "integrity": "sha512-Y9J6ZjXtoYh8RnXVCMOU/ttDmk1aBjunq9vO0ta5x85WDQiQfUF9sIPBITdbiiIVcBo03Hi3jMxigBtsddlXRw==",
      "dev": true
    },
    "argparse": {
      "version": "1.0.10",
      "resolved": "https://registry.npmjs.org/argparse/-/argparse-1.0.10.tgz",
      "integrity": "sha512-o5Roy6tNG4SL/FOkCAN6RzjiakZS25RLYFrcMttJqbdd8BWrnA+fGz57iN5Pb06pvBGvl5gQ0B48dJlslXvoTg==",
      "dev": true,
      "requires": {
        "sprintf-js": "~1.0.2"
      }
    },
    "arr-diff": {
      "version": "4.0.0",
      "resolved": "https://registry.npmjs.org/arr-diff/-/arr-diff-4.0.0.tgz",
      "integrity": "sha1-1kYQdP6/7HHn4VI1dhoyml3HxSA=",
      "dev": true
    },
    "arr-flatten": {
      "version": "1.1.0",
      "resolved": "https://registry.npmjs.org/arr-flatten/-/arr-flatten-1.1.0.tgz",
      "integrity": "sha512-L3hKV5R/p5o81R7O02IGnwpDmkp6E982XhtbuwSe3O4qOtMMMtodicASA1Cny2U+aCXcNpml+m4dPsvsJ3jatg==",
      "dev": true
    },
    "arr-union": {
      "version": "3.1.0",
      "resolved": "https://registry.npmjs.org/arr-union/-/arr-union-3.1.0.tgz",
      "integrity": "sha1-45sJrqne+Gao8gbiiK9jkZuuOcQ=",
      "dev": true
    },
    "array-equal": {
.            xTcQcQ  xTcQ€«    ..           xTcQcQ  xTcQå‰    å2 0 0 7 5  Û4 8 1 1 7     ÿÿÿÿå00754~1    dxTcQcQ  xTcQ      å1 9 1 7 5  ¯4 8 4 3 8     ÿÿÿÿå91754~1    dxTcQcQ  xTcQ      å1 0 3 2 3  |2 9 8 8 6     ÿÿÿÿå03232~1     dxTcQcQ  xTcQ                                                                                                                                                                                                                                                                                                                                                                                                                                                                                                                                                                                                                                                                                                                                                                                                                                                                                                                                                                                                                                                                                                                                                                                                                                                                                                                                                                                                                                                                                                                                                                                                                                                                                                                                                                                                                                                                                                                                                                                                                                                                                                                                                                                                                                                                                                                                                                                                                                                                                                                                                                                                                                                                                                                                                                                                                                                                                                                                                                                                                                                                                                                                                                                                                                                                                                                                                                                                                                                                                                                                                                                                                                                                                                                                                                                                                                                                                                                                                                                                      